// !$*UTF8*$!
{
	archiveVersion = 1;
	classes = {
	};
	objectVersion = 77;
	objects = {

/* Begin PBXBuildFile section */
		2C3ACAED2D24806E00DBFCEB /* POLSurveyDialogViewController.xib in Resources */ = {isa = PBXBuildFile; fileRef = 2C3ACAEC2D24806E00DBFCEB /* POLSurveyDialogViewController.xib */; };
		2C6CF6422D24BC140074CC94 /* POLSurveyBottomViewController.xib in Resources */ = {isa = PBXBuildFile; fileRef = 2C6CF6402D24BC140074CC94 /* POLSurveyBottomViewController.xib */; };
		2C701B142D565386005F92CA /* PollingInternal.docc in Sources */ = {isa = PBXBuildFile; fileRef = 2C701B132D565386005F92CA /* PollingInternal.docc */; };
		2C701B302D5B91A9005F92CA /* POLVers.template_vers in Sources */ = {isa = PBXBuildFile; fileRef = 2C701B2E2D5B8F84005F92CA /* POLVers.template_vers */; };
		2C8AEA922D21BD3000294B6C /* POLReward.m in Sources */ = {isa = PBXBuildFile; fileRef = 2C8AEA7E2D21BD3000294B6C /* POLReward.m */; };
		2C8AEA932D21BD3000294B6C /* POLSurvey.m in Sources */ = {isa = PBXBuildFile; fileRef = 2C8AEA802D21BD3000294B6C /* POLSurvey.m */; };
		2C8AEA952D21BD3000294B6C /* POLTriggeredSurvey.m in Sources */ = {isa = PBXBuildFile; fileRef = 2C8AEA852D21BD3000294B6C /* POLTriggeredSurvey.m */; };
		2C8AEA962D21BD3000294B6C /* Polling.docc in Sources */ = {isa = PBXBuildFile; fileRef = 2C8AEA882D21BD3000294B6C /* Polling.docc */; };
		2C8AEA972D21BD3000294B6C /* POLNetworkSession.m in Sources */ = {isa = PBXBuildFile; fileRef = 2C8AEA8A2D21BD3000294B6C /* POLNetworkSession.m */; };
		2C8AEA982D21BD3000294B6C /* POLPolling.m in Sources */ = {isa = PBXBuildFile; fileRef = 2C8AEA8C2D21BD3000294B6C /* POLPolling.m */; };
		2C8AEA992D21BD3000294B6C /* POLPresentationController.m in Sources */ = {isa = PBXBuildFile; fileRef = 2C8AEA8E2D21BD3000294B6C /* POLPresentationController.m */; };
		2C8AEA9A2D21BD3000294B6C /* POLSurveyViewController.m in Sources */ = {isa = PBXBuildFile; fileRef = 2C8AEA902D21BD3000294B6C /* POLSurveyViewController.m */; };
		2C8AEA9B2D21BD3000294B6C /* POLReward.h in Headers */ = {isa = PBXBuildFile; fileRef = 2C8AEA7D2D21BD3000294B6C /* POLReward.h */; settings = {ATTRIBUTES = (Public, ); }; };
		2C8AEA9C2D21BD3000294B6C /* POLSurvey.h in Headers */ = {isa = PBXBuildFile; fileRef = 2C8AEA7F2D21BD3000294B6C /* POLSurvey.h */; settings = {ATTRIBUTES = (Public, ); }; };
		2C8AEA9D2D21BD3000294B6C /* POLSurvey+Private.h in Headers */ = {isa = PBXBuildFile; fileRef = 2C8AEA812D21BD3000294B6C /* POLSurvey+Private.h */; };
		2C8AEA9F2D21BD3000294B6C /* POLTriggeredSurvey.h in Headers */ = {isa = PBXBuildFile; fileRef = 2C8AEA842D21BD3000294B6C /* POLTriggeredSurvey.h */; };
		2C8AEAA02D21BD3000294B6C /* Polling.h in Headers */ = {isa = PBXBuildFile; fileRef = 2C8AEA872D21BD3000294B6C /* Polling.h */; settings = {ATTRIBUTES = (Public, ); }; };
		2C8AEAA12D21BD3000294B6C /* POLNetworkSession.h in Headers */ = {isa = PBXBuildFile; fileRef = 2C8AEA892D21BD3000294B6C /* POLNetworkSession.h */; };
		2C8AEAA22D21BD3000294B6C /* POLPolling.h in Headers */ = {isa = PBXBuildFile; fileRef = 2C8AEA8B2D21BD3000294B6C /* POLPolling.h */; settings = {ATTRIBUTES = (Public, ); }; };
		2C8AEAA32D21BD3000294B6C /* POLPresentationController.h in Headers */ = {isa = PBXBuildFile; fileRef = 2C8AEA8D2D21BD3000294B6C /* POLPresentationController.h */; };
		2C8AEAA42D21BD3000294B6C /* POLSurveyViewController.h in Headers */ = {isa = PBXBuildFile; fileRef = 2C8AEA8F2D21BD3000294B6C /* POLSurveyViewController.h */; };
		2C8AEAF92D21CDBF00294B6C /* POLTriggeredSurveyController.m in Sources */ = {isa = PBXBuildFile; fileRef = 2C8AEAF82D21CDBF00294B6C /* POLTriggeredSurveyController.m */; };
		2C8AEAFA2D21CDBF00294B6C /* POLTriggeredSurveyController.h in Headers */ = {isa = PBXBuildFile; fileRef = 2C8AEAF72D21CDBF00294B6C /* POLTriggeredSurveyController.h */; };
		2C8AEAFD2D21CFA400294B6C /* POLStorage.m in Sources */ = {isa = PBXBuildFile; fileRef = 2C8AEAFC2D21CFA400294B6C /* POLStorage.m */; };
		2C8AEAFE2D21CFA400294B6C /* POLStorage.h in Headers */ = {isa = PBXBuildFile; fileRef = 2C8AEAFB2D21CFA400294B6C /* POLStorage.h */; };
		2C8AEB322D21F20200294B6C /* POLPolling+Private.h in Headers */ = {isa = PBXBuildFile; fileRef = 2C8AEB312D21F20200294B6C /* POLPolling+Private.h */; };
		2C8AEB352D229B1B00294B6C /* NSDictionary+Additions.m in Sources */ = {isa = PBXBuildFile; fileRef = 2C8AEB342D229B1B00294B6C /* NSDictionary+Additions.m */; };
		2C8AEB362D229B1B00294B6C /* NSDictionary+Additions.h in Headers */ = {isa = PBXBuildFile; fileRef = 2C8AEB332D229B1B00294B6C /* NSDictionary+Additions.h */; };
		2C8AEB392D2366DC00294B6C /* POLCompatibleSurveyViewController.m in Sources */ = {isa = PBXBuildFile; fileRef = 2C8AEB382D2366DC00294B6C /* POLCompatibleSurveyViewController.m */; };
		2C8AEB3A2D2366DC00294B6C /* POLCompatibleSurveyViewController.h in Headers */ = {isa = PBXBuildFile; fileRef = 2C8AEB372D2366DC00294B6C /* POLCompatibleSurveyViewController.h */; };
		2C8AEB3E2D23698F00294B6C /* POLSurveyViewControllerDelegate.h in Headers */ = {isa = PBXBuildFile; fileRef = 2C8AEB3B2D23698F00294B6C /* POLSurveyViewControllerDelegate.h */; };
		2C9321E02D3D250D00221F53 /* POLLog.h in Headers */ = {isa = PBXBuildFile; fileRef = 2C9321DE2D3D250D00221F53 /* POLLog.h */; };
		2C9321E12D3D250D00221F53 /* POLLog.m in Sources */ = {isa = PBXBuildFile; fileRef = 2C9321DF2D3D250D00221F53 /* POLLog.m */; };
		2C9321E42D3D254A00221F53 /* POLError.h in Headers */ = {isa = PBXBuildFile; fileRef = 2C9321E22D3D254A00221F53 /* POLError.h */; };
		2C9321E52D3D254A00221F53 /* POLError.m in Sources */ = {isa = PBXBuildFile; fileRef = 2C9321E32D3D254A00221F53 /* POLError.m */; };
		2C9B66102D0B2B090060AF12 /* Polling.framework in Frameworks */ = {isa = PBXBuildFile; fileRef = 2C9B66052D0B2B090060AF12 /* Polling.framework */; };
		2C9B6FDD2D4C994800160B6A /* POLUserScript.template_h in Sources */ = {isa = PBXBuildFile; fileRef = 2C9B6FD82D4C957A00160B6A /* POLUserScript.template_h */; };
		2C9B6FDE2D4C994800160B6A /* POLUserScript.template_m in Sources */ = {isa = PBXBuildFile; fileRef = 2C9B6FDA2D4C958E00160B6A /* POLUserScript.template_m */; };
		2CA863D02D2D61FB006622E0 /* POLReward+Private.h in Headers */ = {isa = PBXBuildFile; fileRef = 2CA863CE2D2D61FA006622E0 /* POLReward+Private.h */; };
		2CD0C1642D4B0C0C0053BD55 /* POLSurveyBottomAnimateInController.m in Sources */ = {isa = PBXBuildFile; fileRef = 2CD0C1632D4B0C0C0053BD55 /* POLSurveyBottomAnimateInController.m */; };
		2CD0C1652D4B0C0C0053BD55 /* POLSurveyBottomAnimateInController.h in Headers */ = {isa = PBXBuildFile; fileRef = 2CD0C1622D4B0C0C0053BD55 /* POLSurveyBottomAnimateInController.h */; };
		2CEADCB32D3D911E0087A2E8 /* POLDefines.h in Sources */ = {isa = PBXBuildFile; fileRef = 2CEADCB22D3D911E0087A2E8 /* POLDefines.h */; };
		2CEADCBA2D42A8A10087A2E8 /* NSMutableDictionary+Additions.m in Sources */ = {isa = PBXBuildFile; fileRef = 2CEADCB92D42A8A10087A2E8 /* NSMutableDictionary+Additions.m */; };
		2CEADCBB2D42A8A10087A2E8 /* NSMutableDictionary+Additions.h in Headers */ = {isa = PBXBuildFile; fileRef = 2CEADCB82D42A8A10087A2E8 /* NSMutableDictionary+Additions.h */; };
		2CEADCCB2D474C750087A2E8 /* NSURLRequest+Additions.m in Sources */ = {isa = PBXBuildFile; fileRef = 2CEADCCA2D474C740087A2E8 /* NSURLRequest+Additions.m */; };
		2CEADCCC2D474C750087A2E8 /* NSURLRequest+Additions.h in Headers */ = {isa = PBXBuildFile; fileRef = 2CEADCC92D474C740087A2E8 /* NSURLRequest+Additions.h */; };
		2CEADD2B2D498DD40087A2E8 /* POLModernSurveyViewController.m in Sources */ = {isa = PBXBuildFile; fileRef = 2CEADD2A2D498DD40087A2E8 /* POLModernSurveyViewController.m */; };
		2CEADD2C2D498DD40087A2E8 /* POLModernSurveyViewController.h in Headers */ = {isa = PBXBuildFile; fileRef = 2CEADD292D498DD40087A2E8 /* POLModernSurveyViewController.h */; };
		2CEADD312D49EC5E0087A2E8 /* POLSurveyDialogAnimateInController.m in Sources */ = {isa = PBXBuildFile; fileRef = 2CEADD302D49EC5E0087A2E8 /* POLSurveyDialogAnimateInController.m */; };
		2CEADD322D49EC5E0087A2E8 /* POLSurveyDialogAnimateInController.h in Headers */ = {isa = PBXBuildFile; fileRef = 2CEADD2F2D49EC5E0087A2E8 /* POLSurveyDialogAnimateInController.h */; };
/* End PBXBuildFile section */

/* Begin PBXBuildRule section */
		2C701B2D2D5B8D7C005F92CA /* PBXBuildRule */ = {
			isa = PBXBuildRule;
			compilerSpec = com.apple.compilers.proxy.script;
			filePatterns = "*.template_vers";
			fileType = pattern.proxy;
			inputFiles = (
				"$(SRCROOT)/../Scripts/xcode-gen-vers",
				"$(SRCROOT)/../Scripts/version.rb",
			);
			isEditable = 1;
			outputFiles = (
				"$(DERIVED_FILE_DIR)/$(INPUT_FILE_BASE).m",
			);
			runOncePerArchitecture = 0;
			script = "\"$SRCROOT/../Scripts/xcode-gen-vers\" \"$SCRIPT_INPUT_FILE\" \"$SCRIPT_OUTPUT_FILE_0\"\n";
		};
		2C9B6FD42D4C925B00160B6A /* PBXBuildRule */ = {
			isa = PBXBuildRule;
			compilerSpec = com.apple.compilers.proxy.script;
			filePatterns = "*.template_h";
			fileType = pattern.proxy;
			inputFileLists = (
				"$(SRCROOT)/Polling/Internal/UserScripts/UserScriptsInput.xcfilelist",
			);
			inputFiles = (
			);
			isEditable = 1;
			outputFiles = (
				"$(DERIVED_FILE_DIR)/$(INPUT_FILE_BASE).h",
			);
			runOncePerArchitecture = 0;
			script = "\"$SRCROOT/../Scripts/xcode-gen-user-scripts\" \"$SCRIPT_INPUT_FILE\" \"$SCRIPT_OUTPUT_FILE_0\"\n";
		};
		2C9B6FDC2D4C986100160B6A /* PBXBuildRule */ = {
			isa = PBXBuildRule;
			compilerSpec = com.apple.compilers.proxy.script;
			filePatterns = "*.template_m";
			fileType = pattern.proxy;
			inputFileLists = (
				"$(SRCROOT)/Polling/Internal/UserScripts/UserScriptsInput.xcfilelist",
			);
			inputFiles = (
			);
			isEditable = 1;
			outputFiles = (
				"$(DERIVED_FILE_DIR)/$(INPUT_FILE_BASE).m",
			);
			runOncePerArchitecture = 0;
			script = "\"$SRCROOT/../Scripts/xcode-gen-user-scripts\" \"$SCRIPT_INPUT_FILE\" \"$SCRIPT_OUTPUT_FILE_0\"\n";
		};
/* End PBXBuildRule section */

/* Begin PBXContainerItemProxy section */
		2C9B66112D0B2B090060AF12 /* PBXContainerItemProxy */ = {
			isa = PBXContainerItemProxy;
			containerPortal = 2C9B65FC2D0B2B090060AF12 /* Project object */;
			proxyType = 1;
			remoteGlobalIDString = 2C9B66042D0B2B090060AF12;
			remoteInfo = Polling;
		};
/* End PBXContainerItemProxy section */

/* Begin PBXFileReference section */
		2C3ACAEC2D24806E00DBFCEB /* POLSurveyDialogViewController.xib */ = {isa = PBXFileReference; lastKnownFileType = file.xib; path = POLSurveyDialogViewController.xib; sourceTree = "<group>"; };
		2C6CF6402D24BC140074CC94 /* POLSurveyBottomViewController.xib */ = {isa = PBXFileReference; lastKnownFileType = file.xib; path = POLSurveyBottomViewController.xib; sourceTree = "<group>"; };
		2C701B132D565386005F92CA /* PollingInternal.docc */ = {isa = PBXFileReference; lastKnownFileType = folder.documentationcatalog; path = PollingInternal.docc; sourceTree = "<group>"; };
		2C701B2E2D5B8F84005F92CA /* POLVers.template_vers */ = {isa = PBXFileReference; lastKnownFileType = text; path = POLVers.template_vers; sourceTree = "<group>"; };
		2C8AEA7D2D21BD3000294B6C /* POLReward.h */ = {isa = PBXFileReference; lastKnownFileType = sourcecode.c.h; path = POLReward.h; sourceTree = "<group>"; };
		2C8AEA7E2D21BD3000294B6C /* POLReward.m */ = {isa = PBXFileReference; lastKnownFileType = sourcecode.c.objc; path = POLReward.m; sourceTree = "<group>"; };
		2C8AEA7F2D21BD3000294B6C /* POLSurvey.h */ = {isa = PBXFileReference; lastKnownFileType = sourcecode.c.h; path = POLSurvey.h; sourceTree = "<group>"; };
		2C8AEA802D21BD3000294B6C /* POLSurvey.m */ = {isa = PBXFileReference; lastKnownFileType = sourcecode.c.objc; path = POLSurvey.m; sourceTree = "<group>"; };
		2C8AEA812D21BD3000294B6C /* POLSurvey+Private.h */ = {isa = PBXFileReference; lastKnownFileType = sourcecode.c.h; path = "POLSurvey+Private.h"; sourceTree = "<group>"; };
		2C8AEA842D21BD3000294B6C /* POLTriggeredSurvey.h */ = {isa = PBXFileReference; lastKnownFileType = sourcecode.c.h; path = POLTriggeredSurvey.h; sourceTree = "<group>"; };
		2C8AEA852D21BD3000294B6C /* POLTriggeredSurvey.m */ = {isa = PBXFileReference; lastKnownFileType = sourcecode.c.objc; path = POLTriggeredSurvey.m; sourceTree = "<group>"; };
		2C8AEA872D21BD3000294B6C /* Polling.h */ = {isa = PBXFileReference; lastKnownFileType = sourcecode.c.h; path = Polling.h; sourceTree = "<group>"; };
		2C8AEA882D21BD3000294B6C /* Polling.docc */ = {isa = PBXFileReference; lastKnownFileType = folder.documentationcatalog; path = Polling.docc; sourceTree = "<group>"; };
		2C8AEA892D21BD3000294B6C /* POLNetworkSession.h */ = {isa = PBXFileReference; lastKnownFileType = sourcecode.c.h; path = POLNetworkSession.h; sourceTree = "<group>"; };
		2C8AEA8A2D21BD3000294B6C /* POLNetworkSession.m */ = {isa = PBXFileReference; lastKnownFileType = sourcecode.c.objc; path = POLNetworkSession.m; sourceTree = "<group>"; };
		2C8AEA8B2D21BD3000294B6C /* POLPolling.h */ = {isa = PBXFileReference; lastKnownFileType = sourcecode.c.h; path = POLPolling.h; sourceTree = "<group>"; };
		2C8AEA8C2D21BD3000294B6C /* POLPolling.m */ = {isa = PBXFileReference; lastKnownFileType = sourcecode.c.objc; path = POLPolling.m; sourceTree = "<group>"; };
		2C8AEA8D2D21BD3000294B6C /* POLPresentationController.h */ = {isa = PBXFileReference; lastKnownFileType = sourcecode.c.h; path = POLPresentationController.h; sourceTree = "<group>"; };
		2C8AEA8E2D21BD3000294B6C /* POLPresentationController.m */ = {isa = PBXFileReference; lastKnownFileType = sourcecode.c.objc; path = POLPresentationController.m; sourceTree = "<group>"; };
		2C8AEA8F2D21BD3000294B6C /* POLSurveyViewController.h */ = {isa = PBXFileReference; lastKnownFileType = sourcecode.c.h; path = POLSurveyViewController.h; sourceTree = "<group>"; };
		2C8AEA902D21BD3000294B6C /* POLSurveyViewController.m */ = {isa = PBXFileReference; lastKnownFileType = sourcecode.c.objc; path = POLSurveyViewController.m; sourceTree = "<group>"; };
		2C8AEAF72D21CDBF00294B6C /* POLTriggeredSurveyController.h */ = {isa = PBXFileReference; lastKnownFileType = sourcecode.c.h; path = POLTriggeredSurveyController.h; sourceTree = "<group>"; };
		2C8AEAF82D21CDBF00294B6C /* POLTriggeredSurveyController.m */ = {isa = PBXFileReference; lastKnownFileType = sourcecode.c.objc; path = POLTriggeredSurveyController.m; sourceTree = "<group>"; };
		2C8AEAFB2D21CFA400294B6C /* POLStorage.h */ = {isa = PBXFileReference; lastKnownFileType = sourcecode.c.h; path = POLStorage.h; sourceTree = "<group>"; };
		2C8AEAFC2D21CFA400294B6C /* POLStorage.m */ = {isa = PBXFileReference; lastKnownFileType = sourcecode.c.objc; path = POLStorage.m; sourceTree = "<group>"; };
		2C8AEB312D21F20200294B6C /* POLPolling+Private.h */ = {isa = PBXFileReference; lastKnownFileType = sourcecode.c.h; path = "POLPolling+Private.h"; sourceTree = "<group>"; };
		2C8AEB332D229B1B00294B6C /* NSDictionary+Additions.h */ = {isa = PBXFileReference; lastKnownFileType = sourcecode.c.h; path = "NSDictionary+Additions.h"; sourceTree = "<group>"; };
		2C8AEB342D229B1B00294B6C /* NSDictionary+Additions.m */ = {isa = PBXFileReference; lastKnownFileType = sourcecode.c.objc; path = "NSDictionary+Additions.m"; sourceTree = "<group>"; };
		2C8AEB372D2366DC00294B6C /* POLCompatibleSurveyViewController.h */ = {isa = PBXFileReference; lastKnownFileType = sourcecode.c.h; path = POLCompatibleSurveyViewController.h; sourceTree = "<group>"; };
		2C8AEB382D2366DC00294B6C /* POLCompatibleSurveyViewController.m */ = {isa = PBXFileReference; lastKnownFileType = sourcecode.c.objc; path = POLCompatibleSurveyViewController.m; sourceTree = "<group>"; };
		2C8AEB3B2D23698F00294B6C /* POLSurveyViewControllerDelegate.h */ = {isa = PBXFileReference; lastKnownFileType = sourcecode.c.h; path = POLSurveyViewControllerDelegate.h; sourceTree = "<group>"; };
		2C9321DE2D3D250D00221F53 /* POLLog.h */ = {isa = PBXFileReference; lastKnownFileType = sourcecode.c.h; path = POLLog.h; sourceTree = "<group>"; };
		2C9321DF2D3D250D00221F53 /* POLLog.m */ = {isa = PBXFileReference; lastKnownFileType = sourcecode.c.objc; path = POLLog.m; sourceTree = "<group>"; };
		2C9321E22D3D254A00221F53 /* POLError.h */ = {isa = PBXFileReference; lastKnownFileType = sourcecode.c.h; path = POLError.h; sourceTree = "<group>"; };
		2C9321E32D3D254A00221F53 /* POLError.m */ = {isa = PBXFileReference; lastKnownFileType = sourcecode.c.objc; path = POLError.m; sourceTree = "<group>"; };
		2C9B66052D0B2B090060AF12 /* Polling.framework */ = {isa = PBXFileReference; explicitFileType = wrapper.framework; includeInIndex = 0; path = Polling.framework; sourceTree = BUILT_PRODUCTS_DIR; };
		2C9B660F2D0B2B090060AF12 /* PollingTests.xctest */ = {isa = PBXFileReference; explicitFileType = wrapper.cfbundle; includeInIndex = 0; path = PollingTests.xctest; sourceTree = BUILT_PRODUCTS_DIR; };
		2C9B6FD82D4C957A00160B6A /* POLUserScript.template_h */ = {isa = PBXFileReference; lastKnownFileType = text; path = POLUserScript.template_h; sourceTree = "<group>"; };
		2C9B6FDA2D4C958E00160B6A /* POLUserScript.template_m */ = {isa = PBXFileReference; lastKnownFileType = text; path = POLUserScript.template_m; sourceTree = "<group>"; };
		2CA863CE2D2D61FA006622E0 /* POLReward+Private.h */ = {isa = PBXFileReference; lastKnownFileType = sourcecode.c.h; path = "POLReward+Private.h"; sourceTree = "<group>"; };
		2CD0C1622D4B0C0C0053BD55 /* POLSurveyBottomAnimateInController.h */ = {isa = PBXFileReference; lastKnownFileType = sourcecode.c.h; path = POLSurveyBottomAnimateInController.h; sourceTree = "<group>"; };
		2CD0C1632D4B0C0C0053BD55 /* POLSurveyBottomAnimateInController.m */ = {isa = PBXFileReference; lastKnownFileType = sourcecode.c.objc; path = POLSurveyBottomAnimateInController.m; sourceTree = "<group>"; };
		2CEADCB22D3D911E0087A2E8 /* POLDefines.h */ = {isa = PBXFileReference; lastKnownFileType = sourcecode.c.h; path = POLDefines.h; sourceTree = "<group>"; };
		2CEADCB82D42A8A10087A2E8 /* NSMutableDictionary+Additions.h */ = {isa = PBXFileReference; lastKnownFileType = sourcecode.c.h; path = "NSMutableDictionary+Additions.h"; sourceTree = "<group>"; };
		2CEADCB92D42A8A10087A2E8 /* NSMutableDictionary+Additions.m */ = {isa = PBXFileReference; lastKnownFileType = sourcecode.c.objc; path = "NSMutableDictionary+Additions.m"; sourceTree = "<group>"; };
		2CEADCC92D474C740087A2E8 /* NSURLRequest+Additions.h */ = {isa = PBXFileReference; lastKnownFileType = sourcecode.c.h; path = "NSURLRequest+Additions.h"; sourceTree = "<group>"; };
		2CEADCCA2D474C740087A2E8 /* NSURLRequest+Additions.m */ = {isa = PBXFileReference; lastKnownFileType = sourcecode.c.objc; path = "NSURLRequest+Additions.m"; sourceTree = "<group>"; };
		2CEADD292D498DD40087A2E8 /* POLModernSurveyViewController.h */ = {isa = PBXFileReference; lastKnownFileType = sourcecode.c.h; path = POLModernSurveyViewController.h; sourceTree = "<group>"; };
		2CEADD2A2D498DD40087A2E8 /* POLModernSurveyViewController.m */ = {isa = PBXFileReference; lastKnownFileType = sourcecode.c.objc; path = POLModernSurveyViewController.m; sourceTree = "<group>"; };
		2CEADD2F2D49EC5E0087A2E8 /* POLSurveyDialogAnimateInController.h */ = {isa = PBXFileReference; lastKnownFileType = sourcecode.c.h; path = POLSurveyDialogAnimateInController.h; sourceTree = "<group>"; };
		2CEADD302D49EC5E0087A2E8 /* POLSurveyDialogAnimateInController.m */ = {isa = PBXFileReference; lastKnownFileType = sourcecode.c.objc; path = POLSurveyDialogAnimateInController.m; sourceTree = "<group>"; };
		2CF6B8252D5CF23500ADEBED /* Info.plist */ = {isa = PBXFileReference; lastKnownFileType = text.plist.xml; path = Info.plist; sourceTree = "<group>"; };
/* End PBXFileReference section */

/* Begin PBXFileSystemSynchronizedRootGroup section */
		2C9B66132D0B2B090060AF12 /* PollingTests */ = {
			isa = PBXFileSystemSynchronizedRootGroup;
			path = PollingTests;
			sourceTree = "<group>";
		};
		2C9B66BE2D0C71730060AF12 /* Configs */ = {
			isa = PBXFileSystemSynchronizedRootGroup;
			name = Configs;
			path = ../Configs;
			sourceTree = SOURCE_ROOT;
		};
		2CD0C16E2D4C074E0053BD55 /* UserScripts */ = {
			isa = PBXFileSystemSynchronizedRootGroup;
			path = UserScripts;
			sourceTree = "<group>";
		};
		2CD0C1772D4C07F70053BD55 /* Scripts */ = {
			isa = PBXFileSystemSynchronizedRootGroup;
			name = Scripts;
			path = ../Scripts;
			sourceTree = SOURCE_ROOT;
		};
/* End PBXFileSystemSynchronizedRootGroup section */

/* Begin PBXFrameworksBuildPhase section */
		2C9B66022D0B2B090060AF12 /* Frameworks */ = {
			isa = PBXFrameworksBuildPhase;
			buildActionMask = 2147483647;
			files = (
			);
			runOnlyForDeploymentPostprocessing = 0;
		};
		2C9B660C2D0B2B090060AF12 /* Frameworks */ = {
			isa = PBXFrameworksBuildPhase;
			buildActionMask = 2147483647;
			files = (
				2C9B66102D0B2B090060AF12 /* Polling.framework in Frameworks */,
			);
			runOnlyForDeploymentPostprocessing = 0;
		};
/* End PBXFrameworksBuildPhase section */

/* Begin PBXGroup section */
		2C8AEA912D21BD3000294B6C /* Polling */ = {
			isa = PBXGroup;
			children = (
				2C9321C72D38797200221F53 /* Headers */,
				2C8AEAA52D21BD3F00294B6C /* Internal */,
				2C8AEA882D21BD3000294B6C /* Polling.docc */,
				2C701B132D565386005F92CA /* PollingInternal.docc */,
				2CF6B8252D5CF23500ADEBED /* Info.plist */,
			);
			path = Polling;
			sourceTree = "<group>";
		};
		2C8AEAA52D21BD3F00294B6C /* Internal */ = {
			isa = PBXGroup;
			children = (
				2CD0C16E2D4C074E0053BD55 /* UserScripts */,
				2C8AEB312D21F20200294B6C /* POLPolling+Private.h */,
				2C8AEA8C2D21BD3000294B6C /* POLPolling.m */,
				2C8AEA812D21BD3000294B6C /* POLSurvey+Private.h */,
				2C8AEA802D21BD3000294B6C /* POLSurvey.m */,
				2CA863CE2D2D61FA006622E0 /* POLReward+Private.h */,
				2C8AEA7E2D21BD3000294B6C /* POLReward.m */,
				2C8AEA892D21BD3000294B6C /* POLNetworkSession.h */,
				2C8AEA8A2D21BD3000294B6C /* POLNetworkSession.m */,
				2C8AEA8D2D21BD3000294B6C /* POLPresentationController.h */,
				2C8AEA8E2D21BD3000294B6C /* POLPresentationController.m */,
				2C8AEA8F2D21BD3000294B6C /* POLSurveyViewController.h */,
				2C8AEA902D21BD3000294B6C /* POLSurveyViewController.m */,
				2CEADD292D498DD40087A2E8 /* POLModernSurveyViewController.h */,
				2CEADD2A2D498DD40087A2E8 /* POLModernSurveyViewController.m */,
				2C9B6FD82D4C957A00160B6A /* POLUserScript.template_h */,
				2C9B6FDA2D4C958E00160B6A /* POLUserScript.template_m */,
				2C701B2E2D5B8F84005F92CA /* POLVers.template_vers */,
				2C8AEB372D2366DC00294B6C /* POLCompatibleSurveyViewController.h */,
				2C8AEB382D2366DC00294B6C /* POLCompatibleSurveyViewController.m */,
				2C3ACAEC2D24806E00DBFCEB /* POLSurveyDialogViewController.xib */,
				2C6CF6402D24BC140074CC94 /* POLSurveyBottomViewController.xib */,
				2C8AEB3B2D23698F00294B6C /* POLSurveyViewControllerDelegate.h */,
				2CEADD2F2D49EC5E0087A2E8 /* POLSurveyDialogAnimateInController.h */,
				2CEADD302D49EC5E0087A2E8 /* POLSurveyDialogAnimateInController.m */,
				2CD0C1622D4B0C0C0053BD55 /* POLSurveyBottomAnimateInController.h */,
				2CD0C1632D4B0C0C0053BD55 /* POLSurveyBottomAnimateInController.m */,
				2C8AEAF72D21CDBF00294B6C /* POLTriggeredSurveyController.h */,
				2C8AEAF82D21CDBF00294B6C /* POLTriggeredSurveyController.m */,
				2C8AEA842D21BD3000294B6C /* POLTriggeredSurvey.h */,
				2C8AEA852D21BD3000294B6C /* POLTriggeredSurvey.m */,
				2C8AEAFB2D21CFA400294B6C /* POLStorage.h */,
				2C8AEAFC2D21CFA400294B6C /* POLStorage.m */,
				2C9321E22D3D254A00221F53 /* POLError.h */,
				2C9321E32D3D254A00221F53 /* POLError.m */,
				2C9321DE2D3D250D00221F53 /* POLLog.h */,
				2C9321DF2D3D250D00221F53 /* POLLog.m */,
				2CEADCB22D3D911E0087A2E8 /* POLDefines.h */,
				2C8AEB332D229B1B00294B6C /* NSDictionary+Additions.h */,
				2C8AEB342D229B1B00294B6C /* NSDictionary+Additions.m */,
				2CEADCB82D42A8A10087A2E8 /* NSMutableDictionary+Additions.h */,
				2CEADCB92D42A8A10087A2E8 /* NSMutableDictionary+Additions.m */,
				2CEADCC92D474C740087A2E8 /* NSURLRequest+Additions.h */,
				2CEADCCA2D474C740087A2E8 /* NSURLRequest+Additions.m */,
			);
			path = Internal;
			sourceTree = "<group>";
		};
		2C9321C72D38797200221F53 /* Headers */ = {
			isa = PBXGroup;
			children = (
				2C8AEA872D21BD3000294B6C /* Polling.h */,
				2C8AEA8B2D21BD3000294B6C /* POLPolling.h */,
				2C8AEA7F2D21BD3000294B6C /* POLSurvey.h */,
				2C8AEA7D2D21BD3000294B6C /* POLReward.h */,
			);
			path = Headers;
			sourceTree = "<group>";
		};
		2C9B65FB2D0B2B090060AF12 = {
			isa = PBXGroup;
			children = (
				2C8AEA912D21BD3000294B6C /* Polling */,
				2C9B66132D0B2B090060AF12 /* PollingTests */,
				2C9B66BE2D0C71730060AF12 /* Configs */,
				2CD0C1772D4C07F70053BD55 /* Scripts */,
				2C9B66062D0B2B090060AF12 /* Products */,
			);
			sourceTree = "<group>";
		};
		2C9B66062D0B2B090060AF12 /* Products */ = {
			isa = PBXGroup;
			children = (
				2C9B66052D0B2B090060AF12 /* Polling.framework */,
				2C9B660F2D0B2B090060AF12 /* PollingTests.xctest */,
			);
			name = Products;
			sourceTree = "<group>";
		};
/* End PBXGroup section */

/* Begin PBXHeadersBuildPhase section */
		2C9B66002D0B2B090060AF12 /* Headers */ = {
			isa = PBXHeadersBuildPhase;
			buildActionMask = 2147483647;
			files = (
				2C8AEB322D21F20200294B6C /* POLPolling+Private.h in Headers */,
				2C8AEA9B2D21BD3000294B6C /* POLReward.h in Headers */,
				2C9321E02D3D250D00221F53 /* POLLog.h in Headers */,
				2C8AEA9C2D21BD3000294B6C /* POLSurvey.h in Headers */,
				2C8AEAFE2D21CFA400294B6C /* POLStorage.h in Headers */,
				2C8AEB3A2D2366DC00294B6C /* POLCompatibleSurveyViewController.h in Headers */,
				2C8AEA9D2D21BD3000294B6C /* POLSurvey+Private.h in Headers */,
				2CEADD2C2D498DD40087A2E8 /* POLModernSurveyViewController.h in Headers */,
				2C8AEB362D229B1B00294B6C /* NSDictionary+Additions.h in Headers */,
				2C8AEAFA2D21CDBF00294B6C /* POLTriggeredSurveyController.h in Headers */,
				2C8AEA9F2D21BD3000294B6C /* POLTriggeredSurvey.h in Headers */,
				2CEADCCC2D474C750087A2E8 /* NSURLRequest+Additions.h in Headers */,
				2CEADCBB2D42A8A10087A2E8 /* NSMutableDictionary+Additions.h in Headers */,
				2CEADD322D49EC5E0087A2E8 /* POLSurveyDialogAnimateInController.h in Headers */,
				2C8AEAA02D21BD3000294B6C /* Polling.h in Headers */,
				2CD0C1652D4B0C0C0053BD55 /* POLSurveyBottomAnimateInController.h in Headers */,
				2C8AEAA12D21BD3000294B6C /* POLNetworkSession.h in Headers */,
				2C8AEAA22D21BD3000294B6C /* POLPolling.h in Headers */,
				2CA863D02D2D61FB006622E0 /* POLReward+Private.h in Headers */,
				2C8AEAA32D21BD3000294B6C /* POLPresentationController.h in Headers */,
				2C9321E42D3D254A00221F53 /* POLError.h in Headers */,
				2C8AEB3E2D23698F00294B6C /* POLSurveyViewControllerDelegate.h in Headers */,
				2C8AEAA42D21BD3000294B6C /* POLSurveyViewController.h in Headers */,
			);
			runOnlyForDeploymentPostprocessing = 0;
		};
/* End PBXHeadersBuildPhase section */

/* Begin PBXNativeTarget section */
		2C9B66042D0B2B090060AF12 /* Polling */ = {
			isa = PBXNativeTarget;
			buildConfigurationList = 2C9B66182D0B2B090060AF12 /* Build configuration list for PBXNativeTarget "Polling" */;
			buildPhases = (
				2C9B66002D0B2B090060AF12 /* Headers */,
				2C9B66012D0B2B090060AF12 /* Sources */,
				2C9B66022D0B2B090060AF12 /* Frameworks */,
				2CF6B8242D5CEF3300ADEBED /* ShellScript */,
				2C9B66032D0B2B090060AF12 /* Resources */,
			);
			buildRules = (
				2C701B2D2D5B8D7C005F92CA /* PBXBuildRule */,
				2C9B6FD42D4C925B00160B6A /* PBXBuildRule */,
				2C9B6FDC2D4C986100160B6A /* PBXBuildRule */,
			);
			dependencies = (
			);
			name = Polling;
			packageProductDependencies = (
			);
			productName = Polling;
			productReference = 2C9B66052D0B2B090060AF12 /* Polling.framework */;
			productType = "com.apple.product-type.framework";
		};
		2C9B660E2D0B2B090060AF12 /* PollingTests */ = {
			isa = PBXNativeTarget;
			buildConfigurationList = 2C9B661D2D0B2B090060AF12 /* Build configuration list for PBXNativeTarget "PollingTests" */;
			buildPhases = (
				2C9B660B2D0B2B090060AF12 /* Sources */,
				2C9B660C2D0B2B090060AF12 /* Frameworks */,
				2C9B660D2D0B2B090060AF12 /* Resources */,
			);
			buildRules = (
			);
			dependencies = (
				2C9B66122D0B2B090060AF12 /* PBXTargetDependency */,
			);
			fileSystemSynchronizedGroups = (
				2C9B66132D0B2B090060AF12 /* PollingTests */,
			);
			name = PollingTests;
			packageProductDependencies = (
			);
			productName = PollingTests;
			productReference = 2C9B660F2D0B2B090060AF12 /* PollingTests.xctest */;
			productType = "com.apple.product-type.bundle.unit-test";
		};
/* End PBXNativeTarget section */

/* Begin PBXProject section */
		2C9B65FC2D0B2B090060AF12 /* Project object */ = {
			isa = PBXProject;
			attributes = {
				BuildIndependentTargetsInParallel = 1;
				CLASSPREFIX = POL;
				LastUpgradeCheck = 1610;
				ORGANIZATIONNAME = Polling.com;
				TargetAttributes = {
					2C9B66042D0B2B090060AF12 = {
						CreatedOnToolsVersion = 16.1;
					};
					2C9B660E2D0B2B090060AF12 = {
						CreatedOnToolsVersion = 16.1;
					};
				};
			};
			buildConfigurationList = 2C9B65FF2D0B2B090060AF12 /* Build configuration list for PBXProject "Polling" */;
			developmentRegion = en;
			hasScannedForEncodings = 0;
			knownRegions = (
				en,
				Base,
			);
			mainGroup = 2C9B65FB2D0B2B090060AF12;
			minimizedProjectReferenceProxies = 1;
			preferredProjectObjectVersion = 77;
			productRefGroup = 2C9B66062D0B2B090060AF12 /* Products */;
			projectDirPath = "";
			projectRoot = "";
			targets = (
				2C9B66042D0B2B090060AF12 /* Polling */,
				2C9B660E2D0B2B090060AF12 /* PollingTests */,
			);
		};
/* End PBXProject section */

/* Begin PBXResourcesBuildPhase section */
		2C9B66032D0B2B090060AF12 /* Resources */ = {
			isa = PBXResourcesBuildPhase;
			buildActionMask = 2147483647;
			files = (
				2C3ACAED2D24806E00DBFCEB /* POLSurveyDialogViewController.xib in Resources */,
				2C6CF6422D24BC140074CC94 /* POLSurveyBottomViewController.xib in Resources */,
			);
			runOnlyForDeploymentPostprocessing = 0;
		};
		2C9B660D2D0B2B090060AF12 /* Resources */ = {
			isa = PBXResourcesBuildPhase;
			buildActionMask = 2147483647;
			files = (
			);
			runOnlyForDeploymentPostprocessing = 0;
		};
/* End PBXResourcesBuildPhase section */

/* Begin PBXShellScriptBuildPhase section */
		2CF6B8242D5CEF3300ADEBED /* ShellScript */ = {
			isa = PBXShellScriptBuildPhase;
			buildActionMask = 2147483647;
			files = (
			);
			inputFileListPaths = (
			);
			inputPaths = (
				"$(SRCROOT)/Polling/Info.plist",
				"$(SRCROOT)/../Scripts/xcode-process-info-plist",
				"$(SRCROOT)/../Scripts/version.rb",
			);
			outputFileListPaths = (
			);
			outputPaths = (
				"$(DERIVED_FILE_DIR)/Info.plist",
			);
			runOnlyForDeploymentPostprocessing = 0;
			shellPath = /bin/sh;
			shellScript = "\"$SRCROOT/../Scripts/xcode-process-info-plist\"\n";
		};
/* End PBXShellScriptBuildPhase section */

/* Begin PBXSourcesBuildPhase section */
		2C9B66012D0B2B090060AF12 /* Sources */ = {
			isa = PBXSourcesBuildPhase;
			buildActionMask = 2147483647;
			files = (
				2C701B302D5B91A9005F92CA /* POLVers.template_vers in Sources */,
				2C9B6FDD2D4C994800160B6A /* POLUserScript.template_h in Sources */,
				2C9B6FDE2D4C994800160B6A /* POLUserScript.template_m in Sources */,
				2C9321E52D3D254A00221F53 /* POLError.m in Sources */,
				2C8AEA922D21BD3000294B6C /* POLReward.m in Sources */,
				2C8AEA932D21BD3000294B6C /* POLSurvey.m in Sources */,
				2CEADD312D49EC5E0087A2E8 /* POLSurveyDialogAnimateInController.m in Sources */,
				2C8AEAF92D21CDBF00294B6C /* POLTriggeredSurveyController.m in Sources */,
				2C8AEB392D2366DC00294B6C /* POLCompatibleSurveyViewController.m in Sources */,
				2CEADCBA2D42A8A10087A2E8 /* NSMutableDictionary+Additions.m in Sources */,
				2CD0C1642D4B0C0C0053BD55 /* POLSurveyBottomAnimateInController.m in Sources */,
				2C8AEB352D229B1B00294B6C /* NSDictionary+Additions.m in Sources */,
				2C8AEA952D21BD3000294B6C /* POLTriggeredSurvey.m in Sources */,
				2C8AEA962D21BD3000294B6C /* Polling.docc in Sources */,
				2C8AEA972D21BD3000294B6C /* POLNetworkSession.m in Sources */,
				2C8AEA982D21BD3000294B6C /* POLPolling.m in Sources */,
				2C8AEAFD2D21CFA400294B6C /* POLStorage.m in Sources */,
				2C8AEA992D21BD3000294B6C /* POLPresentationController.m in Sources */,
				2C701B142D565386005F92CA /* PollingInternal.docc in Sources */,
				2CEADD2B2D498DD40087A2E8 /* POLModernSurveyViewController.m in Sources */,
				2CEADCB32D3D911E0087A2E8 /* POLDefines.h in Sources */,
				2C8AEA9A2D21BD3000294B6C /* POLSurveyViewController.m in Sources */,
				2CEADCCB2D474C750087A2E8 /* NSURLRequest+Additions.m in Sources */,
				2C9321E12D3D250D00221F53 /* POLLog.m in Sources */,
			);
			runOnlyForDeploymentPostprocessing = 0;
		};
		2C9B660B2D0B2B090060AF12 /* Sources */ = {
			isa = PBXSourcesBuildPhase;
			buildActionMask = 2147483647;
			files = (
			);
			runOnlyForDeploymentPostprocessing = 0;
		};
/* End PBXSourcesBuildPhase section */

/* Begin PBXTargetDependency section */
		2C9B66122D0B2B090060AF12 /* PBXTargetDependency */ = {
			isa = PBXTargetDependency;
			target = 2C9B66042D0B2B090060AF12 /* Polling */;
			targetProxy = 2C9B66112D0B2B090060AF12 /* PBXContainerItemProxy */;
		};
/* End PBXTargetDependency section */

/* Begin XCBuildConfiguration section */
		2C9B66192D0B2B090060AF12 /* Debug */ = {
			isa = XCBuildConfiguration;
			baseConfigurationReferenceAnchor = 2C9B66BE2D0C71730060AF12 /* Configs */;
			baseConfigurationReferenceRelativePath = "Framework-Debug.xcconfig";
			buildSettings = {
				CODE_SIGN_STYLE = Manual;
				DEVELOPMENT_TEAM = "";
				DYLIB_COMPATIBILITY_VERSION = 1;
				DYLIB_CURRENT_VERSION = 1;
				DYLIB_INSTALL_NAME_BASE = "@rpath";
				ENABLE_MODULE_VERIFIER = YES;
				INFOPLIST_KEY_NSHumanReadableCopyright = "";
				INSTALL_PATH = "$(LOCAL_LIBRARY_DIR)/Frameworks";
				LD_RUNPATH_SEARCH_PATHS = (
					"$(inherited)",
					"@executable_path/Frameworks",
					"@loader_path/Frameworks",
				);
				MODULE_VERIFIER_SUPPORTED_LANGUAGES = "objective-c objective-c++";
				MODULE_VERIFIER_SUPPORTED_LANGUAGE_STANDARDS = "gnu17 gnu++20";
				PRODUCT_BUNDLE_IDENTIFIER = com.polling.Polling;
				PRODUCT_NAME = "$(TARGET_NAME:c99extidentifier)";
				PROVISIONING_PROFILE_SPECIFIER = "";
				SUPPORTED_PLATFORMS = "iphoneos iphonesimulator";
				SUPPORTS_MACCATALYST = YES;
				SUPPORTS_MAC_DESIGNED_FOR_IPHONE_IPAD = NO;
				SWIFT_EMIT_LOC_STRINGS = YES;
				TARGETED_DEVICE_FAMILY = "1,2";
			};
			name = Debug;
		};
		2C9B661A2D0B2B090060AF12 /* Release */ = {
			isa = XCBuildConfiguration;
			baseConfigurationReferenceAnchor = 2C9B66BE2D0C71730060AF12 /* Configs */;
			baseConfigurationReferenceRelativePath = "Framework-Release.xcconfig";
			buildSettings = {
				CODE_SIGN_STYLE = Manual;
				DEVELOPMENT_TEAM = "";
				DYLIB_COMPATIBILITY_VERSION = 1;
				DYLIB_CURRENT_VERSION = 1;
				DYLIB_INSTALL_NAME_BASE = "@rpath";
				ENABLE_MODULE_VERIFIER = YES;
				INFOPLIST_KEY_NSHumanReadableCopyright = "";
				INSTALL_PATH = "$(LOCAL_LIBRARY_DIR)/Frameworks";
				LD_RUNPATH_SEARCH_PATHS = (
					"$(inherited)",
					"@executable_path/Frameworks",
					"@loader_path/Frameworks",
				);
				MODULE_VERIFIER_SUPPORTED_LANGUAGES = "objective-c objective-c++";
				MODULE_VERIFIER_SUPPORTED_LANGUAGE_STANDARDS = "gnu17 gnu++20";
				PRODUCT_BUNDLE_IDENTIFIER = com.polling.Polling;
				PRODUCT_NAME = "$(TARGET_NAME:c99extidentifier)";
				PROVISIONING_PROFILE_SPECIFIER = "";
				SUPPORTED_PLATFORMS = "iphoneos iphonesimulator";
				SUPPORTS_MACCATALYST = YES;
				SUPPORTS_MAC_DESIGNED_FOR_IPHONE_IPAD = NO;
				SWIFT_EMIT_LOC_STRINGS = YES;
				TARGETED_DEVICE_FAMILY = "1,2";
			};
			name = Release;
		};
		2C9B661B2D0B2B090060AF12 /* Debug */ = {
			isa = XCBuildConfiguration;
			baseConfigurationReferenceAnchor = 2C9B66BE2D0C71730060AF12 /* Configs */;
			baseConfigurationReferenceRelativePath = Framework.xcconfig;
			buildSettings = {
				ALWAYS_SEARCH_USER_PATHS = NO;
				ASSETCATALOG_COMPILER_GENERATE_SWIFT_ASSET_SYMBOL_EXTENSIONS = YES;
				CLANG_ANALYZER_NONNULL = YES;
				CLANG_ANALYZER_NUMBER_OBJECT_CONVERSION = YES_AGGRESSIVE;
				CLANG_CXX_LANGUAGE_STANDARD = "gnu++20";
				CLANG_ENABLE_MODULES = YES;
				CLANG_ENABLE_OBJC_ARC = YES;
				CLANG_ENABLE_OBJC_WEAK = YES;
				CLANG_WARN_BLOCK_CAPTURE_AUTORELEASING = YES;
				CLANG_WARN_BOOL_CONVERSION = YES;
				CLANG_WARN_COMMA = YES;
				CLANG_WARN_CONSTANT_CONVERSION = YES;
				CLANG_WARN_DEPRECATED_OBJC_IMPLEMENTATIONS = YES;
				CLANG_WARN_DIRECT_OBJC_ISA_USAGE = YES_ERROR;
				CLANG_WARN_DOCUMENTATION_COMMENTS = YES;
				CLANG_WARN_EMPTY_BODY = YES;
				CLANG_WARN_ENUM_CONVERSION = YES;
				CLANG_WARN_INFINITE_RECURSION = YES;
				CLANG_WARN_INT_CONVERSION = YES;
				CLANG_WARN_NON_LITERAL_NULL_CONVERSION = YES;
				CLANG_WARN_OBJC_IMPLICIT_RETAIN_SELF = YES;
				CLANG_WARN_OBJC_LITERAL_CONVERSION = YES;
				CLANG_WARN_OBJC_ROOT_CLASS = YES_ERROR;
				CLANG_WARN_QUOTED_INCLUDE_IN_FRAMEWORK_HEADER = YES;
				CLANG_WARN_RANGE_LOOP_ANALYSIS = YES;
				CLANG_WARN_STRICT_PROTOTYPES = YES;
				CLANG_WARN_SUSPICIOUS_MOVE = YES;
				CLANG_WARN_UNGUARDED_AVAILABILITY = YES_AGGRESSIVE;
				CLANG_WARN_UNREACHABLE_CODE = YES;
				CLANG_WARN__DUPLICATE_METHOD_MATCH = YES;
				COPY_PHASE_STRIP = NO;
				CURRENT_PROJECT_VERSION = 1;
				DEBUG_INFORMATION_FORMAT = dwarf;
				ENABLE_STRICT_OBJC_MSGSEND = YES;
				ENABLE_TESTABILITY = YES;
				ENABLE_USER_SCRIPT_SANDBOXING = YES;
				GCC_C_LANGUAGE_STANDARD = gnu17;
				GCC_DYNAMIC_NO_PIC = NO;
				GCC_NO_COMMON_BLOCKS = YES;
				GCC_OPTIMIZATION_LEVEL = 0;
				GCC_PREPROCESSOR_DEFINITIONS = (
					"DEBUG=1",
					"$(inherited)",
				);
				GCC_WARN_64_TO_32_BIT_CONVERSION = YES;
				GCC_WARN_ABOUT_RETURN_TYPE = YES_ERROR;
				GCC_WARN_UNDECLARED_SELECTOR = YES;
				GCC_WARN_UNINITIALIZED_AUTOS = YES_AGGRESSIVE;
				GCC_WARN_UNUSED_FUNCTION = YES;
				GCC_WARN_UNUSED_VARIABLE = YES;
				IPHONEOS_DEPLOYMENT_TARGET = 18.1;
				LOCALIZATION_PREFERS_STRING_CATALOGS = YES;
				MTL_ENABLE_DEBUG_INFO = INCLUDE_SOURCE;
				MTL_FAST_MATH = YES;
				ONLY_ACTIVE_ARCH = YES;
				SDKROOT = iphoneos;
				VERSIONING_SYSTEM = "apple-generic";
				VERSION_INFO_PREFIX = "";
			};
			name = Debug;
		};
		2C9B661C2D0B2B090060AF12 /* Release */ = {
			isa = XCBuildConfiguration;
			baseConfigurationReferenceAnchor = 2C9B66BE2D0C71730060AF12 /* Configs */;
			baseConfigurationReferenceRelativePath = Framework.xcconfig;
			buildSettings = {
				ALWAYS_SEARCH_USER_PATHS = NO;
				ASSETCATALOG_COMPILER_GENERATE_SWIFT_ASSET_SYMBOL_EXTENSIONS = YES;
				CLANG_ANALYZER_NONNULL = YES;
				CLANG_ANALYZER_NUMBER_OBJECT_CONVERSION = YES_AGGRESSIVE;
				CLANG_CXX_LANGUAGE_STANDARD = "gnu++20";
				CLANG_ENABLE_MODULES = YES;
				CLANG_ENABLE_OBJC_ARC = YES;
				CLANG_ENABLE_OBJC_WEAK = YES;
				CLANG_WARN_BLOCK_CAPTURE_AUTORELEASING = YES;
				CLANG_WARN_BOOL_CONVERSION = YES;
				CLANG_WARN_COMMA = YES;
				CLANG_WARN_CONSTANT_CONVERSION = YES;
				CLANG_WARN_DEPRECATED_OBJC_IMPLEMENTATIONS = YES;
				CLANG_WARN_DIRECT_OBJC_ISA_USAGE = YES_ERROR;
				CLANG_WARN_DOCUMENTATION_COMMENTS = YES;
				CLANG_WARN_EMPTY_BODY = YES;
				CLANG_WARN_ENUM_CONVERSION = YES;
				CLANG_WARN_INFINITE_RECURSION = YES;
				CLANG_WARN_INT_CONVERSION = YES;
				CLANG_WARN_NON_LITERAL_NULL_CONVERSION = YES;
				CLANG_WARN_OBJC_IMPLICIT_RETAIN_SELF = YES;
				CLANG_WARN_OBJC_LITERAL_CONVERSION = YES;
				CLANG_WARN_OBJC_ROOT_CLASS = YES_ERROR;
				CLANG_WARN_QUOTED_INCLUDE_IN_FRAMEWORK_HEADER = YES;
				CLANG_WARN_RANGE_LOOP_ANALYSIS = YES;
				CLANG_WARN_STRICT_PROTOTYPES = YES;
				CLANG_WARN_SUSPICIOUS_MOVE = YES;
				CLANG_WARN_UNGUARDED_AVAILABILITY = YES_AGGRESSIVE;
				CLANG_WARN_UNREACHABLE_CODE = YES;
				CLANG_WARN__DUPLICATE_METHOD_MATCH = YES;
				COPY_PHASE_STRIP = NO;
				CURRENT_PROJECT_VERSION = 1;
				DEBUG_INFORMATION_FORMAT = "dwarf-with-dsym";
				ENABLE_NS_ASSERTIONS = NO;
				ENABLE_STRICT_OBJC_MSGSEND = YES;
				ENABLE_USER_SCRIPT_SANDBOXING = YES;
				GCC_C_LANGUAGE_STANDARD = gnu17;
				GCC_NO_COMMON_BLOCKS = YES;
				GCC_WARN_64_TO_32_BIT_CONVERSION = YES;
				GCC_WARN_ABOUT_RETURN_TYPE = YES_ERROR;
				GCC_WARN_UNDECLARED_SELECTOR = YES;
				GCC_WARN_UNINITIALIZED_AUTOS = YES_AGGRESSIVE;
				GCC_WARN_UNUSED_FUNCTION = YES;
				GCC_WARN_UNUSED_VARIABLE = YES;
				IPHONEOS_DEPLOYMENT_TARGET = 18.1;
				LOCALIZATION_PREFERS_STRING_CATALOGS = YES;
				MTL_ENABLE_DEBUG_INFO = NO;
				MTL_FAST_MATH = YES;
				SDKROOT = iphoneos;
				VALIDATE_PRODUCT = YES;
				VERSIONING_SYSTEM = "apple-generic";
				VERSION_INFO_PREFIX = "";
			};
			name = Release;
		};
		2C9B661E2D0B2B090060AF12 /* Debug */ = {
			isa = XCBuildConfiguration;
			buildSettings = {
				CODE_SIGN_STYLE = Automatic;
				CURRENT_PROJECT_VERSION = 1;
				DEVELOPMENT_TEAM = A7JNPZ3RZ7;
				GENERATE_INFOPLIST_FILE = YES;
				MARKETING_VERSION = 1.0;
				PRODUCT_BUNDLE_IDENTIFIER = com.pollinginc.PollingTests;
				PRODUCT_NAME = "$(TARGET_NAME)";
				SWIFT_EMIT_LOC_STRINGS = NO;
				TARGETED_DEVICE_FAMILY = "1,2";
			};
			name = Debug;
		};
		2C9B661F2D0B2B090060AF12 /* Release */ = {
			isa = XCBuildConfiguration;
			buildSettings = {
				CODE_SIGN_STYLE = Automatic;
				CURRENT_PROJECT_VERSION = 1;
				DEVELOPMENT_TEAM = A7JNPZ3RZ7;
				GENERATE_INFOPLIST_FILE = YES;
				MARKETING_VERSION = 1.0;
				PRODUCT_BUNDLE_IDENTIFIER = com.pollinginc.PollingTests;
				PRODUCT_NAME = "$(TARGET_NAME)";
				SWIFT_EMIT_LOC_STRINGS = NO;
				TARGETED_DEVICE_FAMILY = "1,2";
			};
			name = Release;
		};
/* End XCBuildConfiguration section */

/* Begin XCConfigurationList section */
		2C9B65FF2D0B2B090060AF12 /* Build configuration list for PBXProject "Polling" */ = {
			isa = XCConfigurationList;
			buildConfigurations = (
				2C9B661B2D0B2B090060AF12 /* Debug */,
				2C9B661C2D0B2B090060AF12 /* Release */,
			);
			defaultConfigurationIsVisible = 0;
			defaultConfigurationName = Release;
		};
		2C9B66182D0B2B090060AF12 /* Build configuration list for PBXNativeTarget "Polling" */ = {
			isa = XCConfigurationList;
			buildConfigurations = (
				2C9B66192D0B2B090060AF12 /* Debug */,
				2C9B661A2D0B2B090060AF12 /* Release */,
			);
			defaultConfigurationIsVisible = 0;
			defaultConfigurationName = Release;
		};
		2C9B661D2D0B2B090060AF12 /* Build configuration list for PBXNativeTarget "PollingTests" */ = {
			isa = XCConfigurationList;
			buildConfigurations = (
				2C9B661E2D0B2B090060AF12 /* Debug */,
				2C9B661F2D0B2B090060AF12 /* Release */,
			);
			defaultConfigurationIsVisible = 0;
			defaultConfigurationName = Release;
		};
/* End XCConfigurationList section */
	};
	rootObject = 2C9B65FC2D0B2B090060AF12 /* Project object */;
}
